{
    "_readme": [
        "This file locks the dependencies of your project to a known state",
        "Read more about it at http://getcomposer.org/doc/01-basic-usage.md#composer-lock-the-lock-file",
        "This file is @generated automatically"
    ],
    "hash": "2a8b4cbc1660759c07dda2a4599ff573",
    "packages": [
        {
            "name": "Respect/Validation",
            "version": "0.6.1",
            "source": {
                "type": "git",
                "url": "https://github.com/Respect/Validation.git",
                "reference": "4b9856c11f893954b7c822cbb5dfb75c468e7827"
            },
            "dist": {
                "type": "zip",
                "url": "https://api.github.com/repos/Respect/Validation/zipball/4b9856c11f893954b7c822cbb5dfb75c468e7827",
                "reference": "4b9856c11f893954b7c822cbb5dfb75c468e7827",
                "shasum": ""
            },
            "require-dev": {
                "phpunit/phpunit": "~4.0",
                "symfony/validator": "~2.1",
                "zendframework/zend-validator": "~2.0"
            },
            "suggest": {
                "ext-bcmath": "Arbitrary Precision Mathematics",
                "ext-mbstring": "Multibyte String Functions"
            },
            "type": "library",
            "autoload": {
                "psr-0": {
                    "Respect\\Validation": "library/"
                }
            },
            "license": [
                "BSD Style"
            ],
            "authors": [
                {
                    "name": "Respect/Validation Contributors",
                    "homepage": "https://github.com/Respect/Validation/graphs/contributors"
                }
            ],
            "description": "The most awesome validation engine ever created for PHP",
            "homepage": "http://respect.li",
            "keywords": [
                "respect",
                "validation",
                "validator"
            ],
            "support": {
                "source": "https://github.com/Respect/Validation/tree/0.6.1",
                "issues": "https://github.com/Respect/Validation/issues"
            },
            "time": "2014-07-11 06:35:17"
        },
        {
            "name": "fenom/fenom",
            "version": "1.4.9",
            "source": {
                "type": "git",
                "url": "https://github.com/bzick/fenom.git",
                "reference": "aeda090476d3b88f5c05dcd16907c9fcecf91196"
            },
            "dist": {
                "type": "zip",
                "url": "https://api.github.com/repos/bzick/fenom/zipball/aeda090476d3b88f5c05dcd16907c9fcecf91196",
                "reference": "aeda090476d3b88f5c05dcd16907c9fcecf91196",
                "shasum": ""
            },
            "require": {
                "ext-tokenizer": "*",
                "php": ">=5.3.0"
            },
            "require-dev": {
                "phpunit/phpunit": "3.7.*",
                "satooshi/php-coveralls": "dev-master",
                "smarty/smarty": "3.*",
                "twig/twig": "1.*"
            },
            "type": "library",
            "autoload": {
                "psr-0": {
                    "Fenom\\": "src/"
                },
                "classmap": [
                    "src/Fenom.php"
                ]
            },
            "notification-url": "https://packagist.org/downloads/",
            "license": [
                "BSD-3"
            ],
            "authors": [
                {
                    "name": "Ivan Shalganov",
                    "email": "a.cobest@gmail.com"
                }
            ],
            "description": "Fenom - excellent template engine for PHP",
            "keywords": [
                "fenom",
                "template",
                "templater",
                "templating"
            ],
            "time": "2014-04-09 16:07:37"
        },
        {
            "name": "maradik/testing",
            "version": "dev-master",
            "source": {
                "type": "git",
                "url": "https://github.com/maradik/testing.git",
                "reference": "b37828e955b27f226e3ae12c52dcc1791301b88b"
            },
            "dist": {
                "type": "zip",
                "url": "https://api.github.com/repos/maradik/testing/zipball/b37828e955b27f226e3ae12c52dcc1791301b88b",
                "reference": "b37828e955b27f226e3ae12c52dcc1791301b88b",
                "shasum": ""
            },
            "require": {
                "respect/validation": "0.*"
            },
            "require-dev": {
                "phpunit/phpunit": "3.7.*"
            },
            "type": "library",
            "autoload": {
                "psr-4": {
                    "Maradik\\Testing\\": "src/"
                },
                "classmap": [
                    "src/"
                ]
            },
            "authors": [
                {
                    "name": "Maradik",
                    "email": "maradik@bk.ru"
                }
            ],
            "description": "Creating and managing tests for users under PHP",
            "keywords": [
                "answer",
                "create",
                "manage",
                "question",
                "test"
            ],
            "support": {
                "source": "https://github.com/maradik/testing/tree/master",
                "issues": "https://github.com/maradik/testing/issues"
            },
            "time": "2014-10-23 02:47:51"
        },
        {
            "name": "maradik/user",
            "version": "dev-master",
            "source": {
                "type": "git",
                "url": "https://github.com/maradik/user.git",
                "reference": "99f57e798baed765b0256ea326ba8c425b9eccff"
            },
            "dist": {
                "type": "zip",
                "url": "https://api.github.com/repos/maradik/user/zipball/99f57e798baed765b0256ea326ba8c425b9eccff",
                "reference": "99f57e798baed765b0256ea326ba8c425b9eccff",
                "shasum": ""
            },
            "require": {
                "respect/validation": "0.*"
            },
            "require-dev": {
                "phpunit/phpunit": "3.7.*"
            },
            "type": "library",
            "autoload": {
                "psr-4": {
                    "Maradik\\User\\": "src/"
                },
                "classmap": [
                    "src/"
                ]
            },
            "authors": [
                {
                    "name": "Maradik",
                    "email": "maradik@bk.ru"
                }
            ],
            "description": "User-manager for sites under PHP",
            "keywords": [
                "login",
                "manager",
                "register",
                "user"
            ],
            "support": {
                "source": "https://github.com/maradik/user/tree/master",
                "issues": "https://github.com/maradik/user/issues"
            },
            "time": "2014-05-06 05:03:02"
        }
    ],
    "packages-dev": [

    ],
    "aliases": [

    ],
    "minimum-stability": "stable",
    "stability-flags": {
        "maradik/user": 20,
        "maradik/testing": 20
    },
    "platform": {
        "php": ">=5.3.0"
    },
    "platform-dev": [

    ]
}
